Microsoft Visual Studio Solution File, Format Version 12.00
# Visual Studio Version 17
VisualStudioVersion = 17.5.2.0
MinimumVisualStudioVersion = 10.0.40219.1
Project("{FAE04EC0-301F-11D3-BF4B-00C04F79EFBC}") = "HttpClientDemo1", "HttpClientDemo1.csproj", "{53E99C05-990E-0FDF-D875-9CD28B973773}"
EndProject
Global
	GlobalSection(SolutionConfigurationPlatforms) = preSolution
		Debug|Any CPU = Debug|Any CPU
		Release|Any CPU = Release|Any CPU
	EndGlobalSection
	GlobalSection(ProjectConfigurationPlatforms) = postSolution
		{53E99C05-990E-0FDF-D875-9CD28B973773}.Debug|Any CPU.ActiveCfg = Debug|Any CPU
		{53E99C05-990E-0FDF-D875-9CD28B973773}.Debug|Any CPU.Build.0 = Debug|Any CPU
		{53E99C05-990E-0FDF-D875-9CD28B973773}.Release|Any CPU.ActiveCfg = Release|Any CPU
		{53E99C05-990E-0FDF-D875-9CD28B973773}.Release|Any CPU.Build.0 = Release|Any CPU
	EndGlobalSection
	GlobalSection(SolutionProperties) = preSolution
		HideSolutionNode = FALSE
	EndGlobalSection
	GlobalSection(ExtensibilityGlobals) = postSolution
		SolutionGuid = {BB2A9963-7CF6-4442-9FB1-C012CE45F2CE}
	EndGlobalSection
EndGlobal
